
Microsoft Visual Studio Solution File, Format Version 12.00
# Visual Studio 15
VisualStudioVersion = 15.0.27428.2037
MinimumVisualStudioVersion = 10.0.40219.1
Project("{FAE04EC0-301F-11D3-BF4B-00C04F79EFBC}") = "DualLab_Shakhrai", "DualLab_Shakhrai\DualLab_Shakhrai.csproj", "{5FE2CB1B-4C17-47AF-8D83-B875A5FAD33B}"
EndProject
Global
	GlobalSection(SolutionConfigurationPlatforms) = preSolution
		Debug|Any CPU = Debug|Any CPU
		Release|Any CPU = Release|Any CPU
	EndGlobalSection
	GlobalSection(ProjectConfigurationPlatforms) = postSolution
		{5FE2CB1B-4C17-47AF-8D83-B875A5FAD33B}.Debug|Any CPU.ActiveCfg = Debug|Any CPU
		{5FE2CB1B-4C17-47AF-8D83-B875A5FAD33B}.Debug|Any CPU.Build.0 = Debug|Any CPU
		{5FE2CB1B-4C17-47AF-8D83-B875A5FAD33B}.Release|Any CPU.ActiveCfg = Release|Any CPU
		{5FE2CB1B-4C17-47AF-8D83-B875A5FAD33B}.Release|Any CPU.Build.0 = Release|Any CPU
	EndGlobalSection
	GlobalSection(SolutionProperties) = preSolution
		HideSolutionNode = FALSE
	EndGlobalSection
	GlobalSection(ExtensibilityGlobals) = postSolution
		SolutionGuid = {80B76E30-2604-47F9-B997-84BFA18CB1EE}
	EndGlobalSection
EndGlobal
